// !$*UTF8*$!
{
	archiveVersion = 1;
	classes = {
	};
	objectVersion = 56;
	objects = {

/* Begin PBXBuildFile section */
		1723385F2AE4B94100ED6C63 /* AuthModel.swift in Sources */ = {isa = PBXBuildFile; fileRef = 1723385E2AE4B94100ED6C63 /* AuthModel.swift */; };
		172338612AE4B9E200ED6C63 /* User.swift in Sources */ = {isa = PBXBuildFile; fileRef = 172338602AE4B9E200ED6C63 /* User.swift */; };
		172338632AE4B9FD00ED6C63 /* Company.swift in Sources */ = {isa = PBXBuildFile; fileRef = 172338622AE4B9FD00ED6C63 /* Company.swift */; };
		172338652AE4BA9D00ED6C63 /* DataManager.swift in Sources */ = {isa = PBXBuildFile; fileRef = 172338642AE4BA9D00ED6C63 /* DataManager.swift */; };
		172338682AE4C02F00ED6C63 /* ACarousel in Frameworks */ = {isa = PBXBuildFile; productRef = 172338672AE4C02F00ED6C63 /* ACarousel */; };
		1723386A2AE4C13E00ED6C63 /* LoginView.swift in Sources */ = {isa = PBXBuildFile; fileRef = 172338692AE4C13E00ED6C63 /* LoginView.swift */; };
		1723386C2AE4C14B00ED6C63 /* SignupView.swift in Sources */ = {isa = PBXBuildFile; fileRef = 1723386B2AE4C14B00ED6C63 /* SignupView.swift */; };
		1723386E2AE4C28100ED6C63 /* PersonalTab.swift in Sources */ = {isa = PBXBuildFile; fileRef = 1723386D2AE4C28100ED6C63 /* PersonalTab.swift */; };
		172338702AE4C28900ED6C63 /* StatisticsTab.swift in Sources */ = {isa = PBXBuildFile; fileRef = 1723386F2AE4C28900ED6C63 /* StatisticsTab.swift */; };
		172338742AE4CD5100ED6C63 /* CreateReportView.swift in Sources */ = {isa = PBXBuildFile; fileRef = 172338732AE4CD5100ED6C63 /* CreateReportView.swift */; };
		172338772AE4CDD700ED6C63 /* Report.swift in Sources */ = {isa = PBXBuildFile; fileRef = 172338762AE4CDD700ED6C63 /* Report.swift */; };
		172338792AE5261A00ED6C63 /* RaiseConcernView.swift in Sources */ = {isa = PBXBuildFile; fileRef = 172338782AE5261A00ED6C63 /* RaiseConcernView.swift */; };
		1723387B2AE53EE500ED6C63 /* AllReportsView.swift in Sources */ = {isa = PBXBuildFile; fileRef = 1723387A2AE53EE500ED6C63 /* AllReportsView.swift */; };
		17B93AD22AE4A46F009116F1 /* FirebaseAnalytics in Frameworks */ = {isa = PBXBuildFile; productRef = 17B93AD12AE4A46F009116F1 /* FirebaseAnalytics */; };
		17B93AD42AE4A46F009116F1 /* FirebaseAuth in Frameworks */ = {isa = PBXBuildFile; productRef = 17B93AD32AE4A46F009116F1 /* FirebaseAuth */; };
		17B93AD62AE4A46F009116F1 /* FirebaseFirestore in Frameworks */ = {isa = PBXBuildFile; productRef = 17B93AD52AE4A46F009116F1 /* FirebaseFirestore */; };
		17D416032AE4A36F000C5125 /* GoogleService-Info.plist in Resources */ = {isa = PBXBuildFile; fileRef = 17D416022AE4A36F000C5125 /* GoogleService-Info.plist */; };
		17D90F9D2AE4A26F00652E18 /* hacktx_swiftuiApp.swift in Sources */ = {isa = PBXBuildFile; fileRef = 17D90F9C2AE4A26F00652E18 /* hacktx_swiftuiApp.swift */; };
		17D90F9F2AE4A26F00652E18 /* OnBoardingView.swift in Sources */ = {isa = PBXBuildFile; fileRef = 17D90F9E2AE4A26F00652E18 /* OnBoardingView.swift */; };
		17D90FA12AE4A27000652E18 /* Assets.xcassets in Resources */ = {isa = PBXBuildFile; fileRef = 17D90FA02AE4A27000652E18 /* Assets.xcassets */; };
		17D90FA42AE4A27000652E18 /* Preview Assets.xcassets in Resources */ = {isa = PBXBuildFile; fileRef = 17D90FA32AE4A27000652E18 /* Preview Assets.xcassets */; };
		17D90FAE2AE4A27000652E18 /* hacktx_swiftuiTests.swift in Sources */ = {isa = PBXBuildFile; fileRef = 17D90FAD2AE4A27000652E18 /* hacktx_swiftuiTests.swift */; };
		17D90FB82AE4A27000652E18 /* hacktx_swiftuiUITests.swift in Sources */ = {isa = PBXBuildFile; fileRef = 17D90FB72AE4A27000652E18 /* hacktx_swiftuiUITests.swift */; };
		17D90FBA2AE4A27000652E18 /* hacktx_swiftuiUITestsLaunchTests.swift in Sources */ = {isa = PBXBuildFile; fileRef = 17D90FB92AE4A27000652E18 /* hacktx_swiftuiUITestsLaunchTests.swift */; };
/* End PBXBuildFile section */

/* Begin PBXContainerItemProxy section */
		17D90FAA2AE4A27000652E18 /* PBXContainerItemProxy */ = {
			isa = PBXContainerItemProxy;
			containerPortal = 17D90F912AE4A26F00652E18 /* Project object */;
			proxyType = 1;
			remoteGlobalIDString = 17D90F982AE4A26F00652E18;
			remoteInfo = "hacktx-swiftui";
		};
		17D90FB42AE4A27000652E18 /* PBXContainerItemProxy */ = {
			isa = PBXContainerItemProxy;
			containerPortal = 17D90F912AE4A26F00652E18 /* Project object */;
			proxyType = 1;
			remoteGlobalIDString = 17D90F982AE4A26F00652E18;
			remoteInfo = "hacktx-swiftui";
		};
/* End PBXContainerItemProxy section */

/* Begin PBXFileReference section */
		1723385E2AE4B94100ED6C63 /* AuthModel.swift */ = {isa = PBXFileReference; lastKnownFileType = sourcecode.swift; path = AuthModel.swift; sourceTree = "<group>"; };
		172338602AE4B9E200ED6C63 /* User.swift */ = {isa = PBXFileReference; lastKnownFileType = sourcecode.swift; path = User.swift; sourceTree = "<group>"; };
		172338622AE4B9FD00ED6C63 /* Company.swift */ = {isa = PBXFileReference; lastKnownFileType = sourcecode.swift; path = Company.swift; sourceTree = "<group>"; };
		172338642AE4BA9D00ED6C63 /* DataManager.swift */ = {isa = PBXFileReference; lastKnownFileType = sourcecode.swift; path = DataManager.swift; sourceTree = "<group>"; };
		172338692AE4C13E00ED6C63 /* LoginView.swift */ = {isa = PBXFileReference; lastKnownFileType = sourcecode.swift; path = LoginView.swift; sourceTree = "<group>"; };
		1723386B2AE4C14B00ED6C63 /* SignupView.swift */ = {isa = PBXFileReference; lastKnownFileType = sourcecode.swift; path = SignupView.swift; sourceTree = "<group>"; };
		1723386D2AE4C28100ED6C63 /* PersonalTab.swift */ = {isa = PBXFileReference; lastKnownFileType = sourcecode.swift; path = PersonalTab.swift; sourceTree = "<group>"; };
		1723386F2AE4C28900ED6C63 /* StatisticsTab.swift */ = {isa = PBXFileReference; lastKnownFileType = sourcecode.swift; path = StatisticsTab.swift; sourceTree = "<group>"; };
		172338732AE4CD5100ED6C63 /* CreateReportView.swift */ = {isa = PBXFileReference; lastKnownFileType = sourcecode.swift; path = CreateReportView.swift; sourceTree = "<group>"; };
		172338762AE4CDD700ED6C63 /* Report.swift */ = {isa = PBXFileReference; lastKnownFileType = sourcecode.swift; path = Report.swift; sourceTree = "<group>"; };
		172338782AE5261A00ED6C63 /* RaiseConcernView.swift */ = {isa = PBXFileReference; lastKnownFileType = sourcecode.swift; path = RaiseConcernView.swift; sourceTree = "<group>"; };
		1723387A2AE53EE500ED6C63 /* AllReportsView.swift */ = {isa = PBXFileReference; lastKnownFileType = sourcecode.swift; path = AllReportsView.swift; sourceTree = "<group>"; };
		17D416022AE4A36F000C5125 /* GoogleService-Info.plist */ = {isa = PBXFileReference; fileEncoding = 4; lastKnownFileType = text.plist.xml; path = "GoogleService-Info.plist"; sourceTree = "<group>"; };
		17D90F992AE4A26F00652E18 /* hacktx-swiftui.app */ = {isa = PBXFileReference; explicitFileType = wrapper.application; includeInIndex = 0; path = "hacktx-swiftui.app"; sourceTree = BUILT_PRODUCTS_DIR; };
		17D90F9C2AE4A26F00652E18 /* hacktx_swiftuiApp.swift */ = {isa = PBXFileReference; lastKnownFileType = sourcecode.swift; path = hacktx_swiftuiApp.swift; sourceTree = "<group>"; };
		17D90F9E2AE4A26F00652E18 /* OnBoardingView.swift */ = {isa = PBXFileReference; lastKnownFileType = sourcecode.swift; path = OnBoardingView.swift; sourceTree = "<group>"; };
		17D90FA02AE4A27000652E18 /* Assets.xcassets */ = {isa = PBXFileReference; lastKnownFileType = folder.assetcatalog; path = Assets.xcassets; sourceTree = "<group>"; };
		17D90FA32AE4A27000652E18 /* Preview Assets.xcassets */ = {isa = PBXFileReference; lastKnownFileType = folder.assetcatalog; path = "Preview Assets.xcassets"; sourceTree = "<group>"; };
		17D90FA92AE4A27000652E18 /* hacktx-swiftuiTests.xctest */ = {isa = PBXFileReference; explicitFileType = wrapper.cfbundle; includeInIndex = 0; path = "hacktx-swiftuiTests.xctest"; sourceTree = BUILT_PRODUCTS_DIR; };
		17D90FAD2AE4A27000652E18 /* hacktx_swiftuiTests.swift */ = {isa = PBXFileReference; lastKnownFileType = sourcecode.swift; path = hacktx_swiftuiTests.swift; sourceTree = "<group>"; };
		17D90FB32AE4A27000652E18 /* hacktx-swiftuiUITests.xctest */ = {isa = PBXFileReference; explicitFileType = wrapper.cfbundle; includeInIndex = 0; path = "hacktx-swiftuiUITests.xctest"; sourceTree = BUILT_PRODUCTS_DIR; };
		17D90FB72AE4A27000652E18 /* hacktx_swiftuiUITests.swift */ = {isa = PBXFileReference; lastKnownFileType = sourcecode.swift; path = hacktx_swiftuiUITests.swift; sourceTree = "<group>"; };
		17D90FB92AE4A27000652E18 /* hacktx_swiftuiUITestsLaunchTests.swift */ = {isa = PBXFileReference; lastKnownFileType = sourcecode.swift; path = hacktx_swiftuiUITestsLaunchTests.swift; sourceTree = "<group>"; };
/* End PBXFileReference section */

/* Begin PBXFrameworksBuildPhase section */
		17D90F962AE4A26F00652E18 /* Frameworks */ = {
			isa = PBXFrameworksBuildPhase;
			buildActionMask = 2147483647;
			files = (
				172338682AE4C02F00ED6C63 /* ACarousel in Frameworks */,
				17B93AD22AE4A46F009116F1 /* FirebaseAnalytics in Frameworks */,
				17B93AD42AE4A46F009116F1 /* FirebaseAuth in Frameworks */,
				17B93AD62AE4A46F009116F1 /* FirebaseFirestore in Frameworks */,
			);
			runOnlyForDeploymentPostprocessing = 0;
		};
		17D90FA62AE4A27000652E18 /* Frameworks */ = {
			isa = PBXFrameworksBuildPhase;
			buildActionMask = 2147483647;
			files = (
			);
			runOnlyForDeploymentPostprocessing = 0;
		};
		17D90FB02AE4A27000652E18 /* Frameworks */ = {
			isa = PBXFrameworksBuildPhase;
			buildActionMask = 2147483647;
			files = (
			);
			runOnlyForDeploymentPostprocessing = 0;
		};
/* End PBXFrameworksBuildPhase section */

/* Begin PBXGroup section */
		1723385D2AE4B93600ED6C63 /* Backend */ = {
			isa = PBXGroup;
			children = (
				1723385E2AE4B94100ED6C63 /* AuthModel.swift */,
				172338642AE4BA9D00ED6C63 /* DataManager.swift */,
			);
			path = Backend;
			sourceTree = "<group>";
		};
		172338752AE4CD5500ED6C63 /* Personal */ = {
			isa = PBXGroup;
			children = (
				1723386D2AE4C28100ED6C63 /* PersonalTab.swift */,
				1723387A2AE53EE500ED6C63 /* AllReportsView.swift */,
				172338732AE4CD5100ED6C63 /* CreateReportView.swift */,
				172338782AE5261A00ED6C63 /* RaiseConcernView.swift */,
			);
			path = Personal;
			sourceTree = "<group>";
		};
		17D415EE2AE4A302000C5125 /* Data Structures */ = {
			isa = PBXGroup;
			children = (
				172338602AE4B9E200ED6C63 /* User.swift */,
				172338762AE4CDD700ED6C63 /* Report.swift */,
				172338622AE4B9FD00ED6C63 /* Company.swift */,
			);
			path = "Data Structures";
			sourceTree = "<group>";
		};
		17D415F52AE4A302000C5125 /* Components */ = {
			isa = PBXGroup;
			children = (
			);
			path = Components;
			sourceTree = "<group>";
		};
		17D416002AE4A338000C5125 /* Tabs */ = {
			isa = PBXGroup;
			children = (
				172338752AE4CD5500ED6C63 /* Personal */,
				1723386F2AE4C28900ED6C63 /* StatisticsTab.swift */,
			);
			path = Tabs;
			sourceTree = "<group>";
		};
		17D416012AE4A33C000C5125 /* Onboarding */ = {
			isa = PBXGroup;
			children = (
				17D90F9E2AE4A26F00652E18 /* OnBoardingView.swift */,
				172338692AE4C13E00ED6C63 /* LoginView.swift */,
				1723386B2AE4C14B00ED6C63 /* SignupView.swift */,
			);
			path = Onboarding;
			sourceTree = "<group>";
		};
		17D90F902AE4A26F00652E18 = {
			isa = PBXGroup;
			children = (
				17D90F9B2AE4A26F00652E18 /* hacktx-swiftui */,
				17D90FAC2AE4A27000652E18 /* hacktx-swiftuiTests */,
				17D90FB62AE4A27000652E18 /* hacktx-swiftuiUITests */,
				17D90F9A2AE4A26F00652E18 /* Products */,
			);
			sourceTree = "<group>";
		};
		17D90F9A2AE4A26F00652E18 /* Products */ = {
			isa = PBXGroup;
			children = (
				17D90F992AE4A26F00652E18 /* hacktx-swiftui.app */,
				17D90FA92AE4A27000652E18 /* hacktx-swiftuiTests.xctest */,
				17D90FB32AE4A27000652E18 /* hacktx-swiftuiUITests.xctest */,
			);
			name = Products;
			sourceTree = "<group>";
		};
		17D90F9B2AE4A26F00652E18 /* hacktx-swiftui */ = {
			isa = PBXGroup;
			children = (
				17D416022AE4A36F000C5125 /* GoogleService-Info.plist */,
				17D416002AE4A338000C5125 /* Tabs */,
				17D416012AE4A33C000C5125 /* Onboarding */,
				17D415F52AE4A302000C5125 /* Components */,
				17D415EE2AE4A302000C5125 /* Data Structures */,
				17D90F9C2AE4A26F00652E18 /* hacktx_swiftuiApp.swift */,
				1723385D2AE4B93600ED6C63 /* Backend */,
				17D90FA02AE4A27000652E18 /* Assets.xcassets */,
				17D90FA22AE4A27000652E18 /* Preview Content */,
			);
			path = "hacktx-swiftui";
			sourceTree = "<group>";
		};
		17D90FA22AE4A27000652E18 /* Preview Content */ = {
			isa = PBXGroup;
			children = (
				17D90FA32AE4A27000652E18 /* Preview Assets.xcassets */,
			);
			path = "Preview Content";
			sourceTree = "<group>";
		};
		17D90FAC2AE4A27000652E18 /* hacktx-swiftuiTests */ = {
			isa = PBXGroup;
			children = (
				17D90FAD2AE4A27000652E18 /* hacktx_swiftuiTests.swift */,
			);
			path = "hacktx-swiftuiTests";
			sourceTree = "<group>";
		};
		17D90FB62AE4A27000652E18 /* hacktx-swiftuiUITests */ = {
			isa = PBXGroup;
			children = (
				17D90FB72AE4A27000652E18 /* hacktx_swiftuiUITests.swift */,
				17D90FB92AE4A27000652E18 /* hacktx_swiftuiUITestsLaunchTests.swift */,
			);
			path = "hacktx-swiftuiUITests";
			sourceTree = "<group>";
		};
/* End PBXGroup section */

/* Begin PBXNativeTarget section */
		17D90F982AE4A26F00652E18 /* hacktx-swiftui */ = {
			isa = PBXNativeTarget;
			buildConfigurationList = 17D90FBD2AE4A27000652E18 /* Build configuration list for PBXNativeTarget "hacktx-swiftui" */;
			buildPhases = (
				17D90F952AE4A26F00652E18 /* Sources */,
				17D90F962AE4A26F00652E18 /* Frameworks */,
				17D90F972AE4A26F00652E18 /* Resources */,
			);
			buildRules = (
			);
			dependencies = (
			);
			name = "hacktx-swiftui";
			packageProductDependencies = (
				17B93AD12AE4A46F009116F1 /* FirebaseAnalytics */,
				17B93AD32AE4A46F009116F1 /* FirebaseAuth */,
				17B93AD52AE4A46F009116F1 /* FirebaseFirestore */,
				172338672AE4C02F00ED6C63 /* ACarousel */,
			);
			productName = "hacktx-swiftui";
			productReference = 17D90F992AE4A26F00652E18 /* hacktx-swiftui.app */;
			productType = "com.apple.product-type.application";
		};
		17D90FA82AE4A27000652E18 /* hacktx-swiftuiTests */ = {
			isa = PBXNativeTarget;
			buildConfigurationList = 17D90FC02AE4A27000652E18 /* Build configuration list for PBXNativeTarget "hacktx-swiftuiTests" */;
			buildPhases = (
				17D90FA52AE4A27000652E18 /* Sources */,
				17D90FA62AE4A27000652E18 /* Frameworks */,
				17D90FA72AE4A27000652E18 /* Resources */,
			);
			buildRules = (
			);
			dependencies = (
				17D90FAB2AE4A27000652E18 /* PBXTargetDependency */,
			);
			name = "hacktx-swiftuiTests";
			productName = "hacktx-swiftuiTests";
			productReference = 17D90FA92AE4A27000652E18 /* hacktx-swiftuiTests.xctest */;
			productType = "com.apple.product-type.bundle.unit-test";
		};
		17D90FB22AE4A27000652E18 /* hacktx-swiftuiUITests */ = {
			isa = PBXNativeTarget;
			buildConfigurationList = 17D90FC32AE4A27000652E18 /* Build configuration list for PBXNativeTarget "hacktx-swiftuiUITests" */;
			buildPhases = (
				17D90FAF2AE4A27000652E18 /* Sources */,
				17D90FB02AE4A27000652E18 /* Frameworks */,
				17D90FB12AE4A27000652E18 /* Resources */,
			);
			buildRules = (
			);
			dependencies = (
				17D90FB52AE4A27000652E18 /* PBXTargetDependency */,
			);
			name = "hacktx-swiftuiUITests";
			productName = "hacktx-swiftuiUITests";
			productReference = 17D90FB32AE4A27000652E18 /* hacktx-swiftuiUITests.xctest */;
			productType = "com.apple.product-type.bundle.ui-testing";
		};
/* End PBXNativeTarget section */

/* Begin PBXProject section */
		17D90F912AE4A26F00652E18 /* Project object */ = {
			isa = PBXProject;
			attributes = {
				BuildIndependentTargetsInParallel = 1;
				LastSwiftUpdateCheck = 1420;
				LastUpgradeCheck = 1420;
				TargetAttributes = {
					17D90F982AE4A26F00652E18 = {
						CreatedOnToolsVersion = 14.2;
					};
					17D90FA82AE4A27000652E18 = {
						CreatedOnToolsVersion = 14.2;
						TestTargetID = 17D90F982AE4A26F00652E18;
					};
					17D90FB22AE4A27000652E18 = {
						CreatedOnToolsVersion = 14.2;
						TestTargetID = 17D90F982AE4A26F00652E18;
					};
				};
			};
			buildConfigurationList = 17D90F942AE4A26F00652E18 /* Build configuration list for PBXProject "hacktx-swiftui" */;
			compatibilityVersion = "Xcode 14.0";
			developmentRegion = en;
			hasScannedForEncodings = 0;
			knownRegions = (
				en,
				Base,
			);
			mainGroup = 17D90F902AE4A26F00652E18;
			packageReferences = (
				17B93AD02AE4A46F009116F1 /* XCRemoteSwiftPackageReference "firebase-ios-sdk" */,
				172338662AE4C02F00ED6C63 /* XCRemoteSwiftPackageReference "ACarousel" */,
			);
			productRefGroup = 17D90F9A2AE4A26F00652E18 /* Products */;
			projectDirPath = "";
			projectRoot = "";
			targets = (
				17D90F982AE4A26F00652E18 /* hacktx-swiftui */,
				17D90FA82AE4A27000652E18 /* hacktx-swiftuiTests */,
				17D90FB22AE4A27000652E18 /* hacktx-swiftuiUITests */,
			);
		};
/* End PBXProject section */

/* Begin PBXResourcesBuildPhase section */
		17D90F972AE4A26F00652E18 /* Resources */ = {
			isa = PBXResourcesBuildPhase;
			buildActionMask = 2147483647;
			files = (
				17D90FA42AE4A27000652E18 /* Preview Assets.xcassets in Resources */,
				17D90FA12AE4A27000652E18 /* Assets.xcassets in Resources */,
				17D416032AE4A36F000C5125 /* GoogleService-Info.plist in Resources */,
			);
			runOnlyForDeploymentPostprocessing = 0;
		};
		17D90FA72AE4A27000652E18 /* Resources */ = {
			isa = PBXResourcesBuildPhase;
			buildActionMask = 2147483647;
			files = (
			);
			runOnlyForDeploymentPostprocessing = 0;
		};
		17D90FB12AE4A27000652E18 /* Resources */ = {
			isa = PBXResourcesBuildPhase;
			buildActionMask = 2147483647;
			files = (
			);
			runOnlyForDeploymentPostprocessing = 0;
		};
/* End PBXResourcesBuildPhase section */

/* Begin PBXSourcesBuildPhase section */
		17D90F952AE4A26F00652E18 /* Sources */ = {
			isa = PBXSourcesBuildPhase;
			buildActionMask = 2147483647;
			files = (
				172338792AE5261A00ED6C63 /* RaiseConcernView.swift in Sources */,
				172338612AE4B9E200ED6C63 /* User.swift in Sources */,
				1723387B2AE53EE500ED6C63 /* AllReportsView.swift in Sources */,
				1723386E2AE4C28100ED6C63 /* PersonalTab.swift in Sources */,
				1723386A2AE4C13E00ED6C63 /* LoginView.swift in Sources */,
				172338742AE4CD5100ED6C63 /* CreateReportView.swift in Sources */,
				172338772AE4CDD700ED6C63 /* Report.swift in Sources */,
				172338652AE4BA9D00ED6C63 /* DataManager.swift in Sources */,
				17D90F9F2AE4A26F00652E18 /* OnBoardingView.swift in Sources */,
				1723386C2AE4C14B00ED6C63 /* SignupView.swift in Sources */,
				17D90F9D2AE4A26F00652E18 /* hacktx_swiftuiApp.swift in Sources */,
				1723385F2AE4B94100ED6C63 /* AuthModel.swift in Sources */,
				172338702AE4C28900ED6C63 /* StatisticsTab.swift in Sources */,
				172338632AE4B9FD00ED6C63 /* Company.swift in Sources */,
			);
			runOnlyForDeploymentPostprocessing = 0;
		};
		17D90FA52AE4A27000652E18 /* Sources */ = {
			isa = PBXSourcesBuildPhase;
			buildActionMask = 2147483647;
			files = (
				17D90FAE2AE4A27000652E18 /* hacktx_swiftuiTests.swift in Sources */,
			);
			runOnlyForDeploymentPostprocessing = 0;
		};
		17D90FAF2AE4A27000652E18 /* Sources */ = {
			isa = PBXSourcesBuildPhase;
			buildActionMask = 2147483647;
			files = (
				17D90FB82AE4A27000652E18 /* hacktx_swiftuiUITests.swift in Sources */,
				17D90FBA2AE4A27000652E18 /* hacktx_swiftuiUITestsLaunchTests.swift in Sources */,
			);
			runOnlyForDeploymentPostprocessing = 0;
		};
/* End PBXSourcesBuildPhase section */

/* Begin PBXTargetDependency section */
		17D90FAB2AE4A27000652E18 /* PBXTargetDependency */ = {
			isa = PBXTargetDependency;
			target = 17D90F982AE4A26F00652E18 /* hacktx-swiftui */;
			targetProxy = 17D90FAA2AE4A27000652E18 /* PBXContainerItemProxy */;
		};
		17D90FB52AE4A27000652E18 /* PBXTargetDependency */ = {
			isa = PBXTargetDependency;
			target = 17D90F982AE4A26F00652E18 /* hacktx-swiftui */;
			targetProxy = 17D90FB42AE4A27000652E18 /* PBXContainerItemProxy */;
		};
/* End PBXTargetDependency section */

/* Begin XCBuildConfiguration section */
		17D90FBB2AE4A27000652E18 /* Debug */ = {
			isa = XCBuildConfiguration;
			buildSettings = {
				ALWAYS_SEARCH_USER_PATHS = NO;
				CLANG_ANALYZER_NONNULL = YES;
				CLANG_ANALYZER_NUMBER_OBJECT_CONVERSION = YES_AGGRESSIVE;
				CLANG_CXX_LANGUAGE_STANDARD = "gnu++20";
				CLANG_ENABLE_MODULES = YES;
				CLANG_ENABLE_OBJC_ARC = YES;
				CLANG_ENABLE_OBJC_WEAK = YES;
				CLANG_WARN_BLOCK_CAPTURE_AUTORELEASING = YES;
				CLANG_WARN_BOOL_CONVERSION = YES;
				CLANG_WARN_COMMA = YES;
				CLANG_WARN_CONSTANT_CONVERSION = YES;
				CLANG_WARN_DEPRECATED_OBJC_IMPLEMENTATIONS = YES;
				CLANG_WARN_DIRECT_OBJC_ISA_USAGE = YES_ERROR;
				CLANG_WARN_DOCUMENTATION_COMMENTS = YES;
				CLANG_WARN_EMPTY_BODY = YES;
				CLANG_WARN_ENUM_CONVERSION = YES;
				CLANG_WARN_INFINITE_RECURSION = YES;
				CLANG_WARN_INT_CONVERSION = YES;
				CLANG_WARN_NON_LITERAL_NULL_CONVERSION = YES;
				CLANG_WARN_OBJC_IMPLICIT_RETAIN_SELF = YES;
				CLANG_WARN_OBJC_LITERAL_CONVERSION = YES;
				CLANG_WARN_OBJC_ROOT_CLASS = YES_ERROR;
				CLANG_WARN_QUOTED_INCLUDE_IN_FRAMEWORK_HEADER = YES;
				CLANG_WARN_RANGE_LOOP_ANALYSIS = YES;
				CLANG_WARN_STRICT_PROTOTYPES = YES;
				CLANG_WARN_SUSPICIOUS_MOVE = YES;
				CLANG_WARN_UNGUARDED_AVAILABILITY = YES_AGGRESSIVE;
				CLANG_WARN_UNREACHABLE_CODE = YES;
				CLANG_WARN__DUPLICATE_METHOD_MATCH = YES;
				COPY_PHASE_STRIP = NO;
				DEBUG_INFORMATION_FORMAT = dwarf;
				ENABLE_STRICT_OBJC_MSGSEND = YES;
				ENABLE_TESTABILITY = YES;
				GCC_C_LANGUAGE_STANDARD = gnu11;
				GCC_DYNAMIC_NO_PIC = NO;
				GCC_NO_COMMON_BLOCKS = YES;
				GCC_OPTIMIZATION_LEVEL = 0;
				GCC_PREPROCESSOR_DEFINITIONS = (
					"DEBUG=1",
					"$(inherited)",
				);
				GCC_WARN_64_TO_32_BIT_CONVERSION = YES;
				GCC_WARN_ABOUT_RETURN_TYPE = YES_ERROR;
				GCC_WARN_UNDECLARED_SELECTOR = YES;
				GCC_WARN_UNINITIALIZED_AUTOS = YES_AGGRESSIVE;
				GCC_WARN_UNUSED_FUNCTION = YES;
				GCC_WARN_UNUSED_VARIABLE = YES;
				IPHONEOS_DEPLOYMENT_TARGET = 15.0;
				MTL_ENABLE_DEBUG_INFO = INCLUDE_SOURCE;
				MTL_FAST_MATH = YES;
				ONLY_ACTIVE_ARCH = YES;
				SDKROOT = iphoneos;
				SWIFT_ACTIVE_COMPILATION_CONDITIONS = DEBUG;
				SWIFT_OPTIMIZATION_LEVEL = "-Onone";
			};
			name = Debug;
		};
		17D90FBC2AE4A27000652E18 /* Release */ = {
			isa = XCBuildConfiguration;
			buildSettings = {
				ALWAYS_SEARCH_USER_PATHS = NO;
				CLANG_ANALYZER_NONNULL = YES;
				CLANG_ANALYZER_NUMBER_OBJECT_CONVERSION = YES_AGGRESSIVE;
				CLANG_CXX_LANGUAGE_STANDARD = "gnu++20";
				CLANG_ENABLE_MODULES = YES;
				CLANG_ENABLE_OBJC_ARC = YES;
				CLANG_ENABLE_OBJC_WEAK = YES;
				CLANG_WARN_BLOCK_CAPTURE_AUTORELEASING = YES;
				CLANG_WARN_BOOL_CONVERSION = YES;
				CLANG_WARN_COMMA = YES;
				CLANG_WARN_CONSTANT_CONVERSION = YES;
				CLANG_WARN_DEPRECATED_OBJC_IMPLEMENTATIONS = YES;
				CLANG_WARN_DIRECT_OBJC_ISA_USAGE = YES_ERROR;
				CLANG_WARN_DOCUMENTATION_COMMENTS = YES;
				CLANG_WARN_EMPTY_BODY = YES;
				CLANG_WARN_ENUM_CONVERSION = YES;
				CLANG_WARN_INFINITE_RECURSION = YES;
				CLANG_WARN_INT_CONVERSION = YES;
				CLANG_WARN_NON_LITERAL_NULL_CONVERSION = YES;
				CLANG_WARN_OBJC_IMPLICIT_RETAIN_SELF = YES;
				CLANG_WARN_OBJC_LITERAL_CONVERSION = YES;
				CLANG_WARN_OBJC_ROOT_CLASS = YES_ERROR;
				CLANG_WARN_QUOTED_INCLUDE_IN_FRAMEWORK_HEADER = YES;
				CLANG_WARN_RANGE_LOOP_ANALYSIS = YES;
				CLANG_WARN_STRICT_PROTOTYPES = YES;
				CLANG_WARN_SUSPICIOUS_MOVE = YES;
				CLANG_WARN_UNGUARDED_AVAILABILITY = YES_AGGRESSIVE;
				CLANG_WARN_UNREACHABLE_CODE = YES;
				CLANG_WARN__DUPLICATE_METHOD_MATCH = YES;
				COPY_PHASE_STRIP = NO;
				DEBUG_INFORMATION_FORMAT = "dwarf-with-dsym";
				ENABLE_NS_ASSERTIONS = NO;
				ENABLE_STRICT_OBJC_MSGSEND = YES;
				GCC_C_LANGUAGE_STANDARD = gnu11;
				GCC_NO_COMMON_BLOCKS = YES;
				GCC_WARN_64_TO_32_BIT_CONVERSION = YES;
				GCC_WARN_ABOUT_RETURN_TYPE = YES_ERROR;
				GCC_WARN_UNDECLARED_SELECTOR = YES;
				GCC_WARN_UNINITIALIZED_AUTOS = YES_AGGRESSIVE;
				GCC_WARN_UNUSED_FUNCTION = YES;
				GCC_WARN_UNUSED_VARIABLE = YES;
				IPHONEOS_DEPLOYMENT_TARGET = 15.0;
				MTL_ENABLE_DEBUG_INFO = NO;
				MTL_FAST_MATH = YES;
				SDKROOT = iphoneos;
				SWIFT_COMPILATION_MODE = wholemodule;
				SWIFT_OPTIMIZATION_LEVEL = "-O";
				VALIDATE_PRODUCT = YES;
			};
			name = Release;
		};
		17D90FBE2AE4A27000652E18 /* Debug */ = {
			isa = XCBuildConfiguration;
			buildSettings = {
				ASSETCATALOG_COMPILER_APPICON_NAME = AppIcon;
				ASSETCATALOG_COMPILER_GLOBAL_ACCENT_COLOR_NAME = AccentColor;
				CODE_SIGN_STYLE = Automatic;
				CURRENT_PROJECT_VERSION = 1;
				DEVELOPMENT_ASSET_PATHS = "\"hacktx-swiftui/Preview Content\"";
				DEVELOPMENT_TEAM = C72D493DTH;
				ENABLE_PREVIEWS = YES;
				GENERATE_INFOPLIST_FILE = YES;
				INFOPLIST_KEY_CFBundleDisplayName = CrewNotes;
				INFOPLIST_KEY_UIApplicationSceneManifest_Generation = YES;
				INFOPLIST_KEY_UIApplicationSupportsIndirectInputEvents = YES;
				INFOPLIST_KEY_UILaunchScreen_Generation = YES;
				INFOPLIST_KEY_UISupportedInterfaceOrientations_iPad = "UIInterfaceOrientationPortrait UIInterfaceOrientationPortraitUpsideDown UIInterfaceOrientationLandscapeLeft UIInterfaceOrientationLandscapeRight";
				INFOPLIST_KEY_UISupportedInterfaceOrientations_iPhone = "UIInterfaceOrientationPortrait UIInterfaceOrientationLandscapeLeft UIInterfaceOrientationLandscapeRight";
				IPHONEOS_DEPLOYMENT_TARGET = 15.0;
				LD_RUNPATH_SEARCH_PATHS = (
					"$(inherited)",
					"@executable_path/Frameworks",
				);
				MARKETING_VERSION = 1.0;
				PRODUCT_BUNDLE_IDENTIFIER = "ajs2003.hacktx-swiftui";
				PRODUCT_NAME = "$(TARGET_NAME)";
				SWIFT_EMIT_LOC_STRINGS = YES;
				SWIFT_VERSION = 5.0;
				TARGETED_DEVICE_FAMILY = "1,2";
			};
			name = Debug;
		};
		17D90FBF2AE4A27000652E18 /* Release */ = {
			isa = XCBuildConfiguration;
			buildSettings = {
				ASSETCATALOG_COMPILER_APPICON_NAME = AppIcon;
				ASSETCATALOG_COMPILER_GLOBAL_ACCENT_COLOR_NAME = AccentColor;
				CODE_SIGN_STYLE = Automatic;
				CURRENT_PROJECT_VERSION = 1;
				DEVELOPMENT_ASSET_PATHS = "\"hacktx-swiftui/Preview Content\"";
				DEVELOPMENT_TEAM = C72D493DTH;
				ENABLE_PREVIEWS = YES;
				GENERATE_INFOPLIST_FILE = YES;
				INFOPLIST_KEY_CFBundleDisplayName = CrewNotes;
				INFOPLIST_KEY_UIApplicationSceneManifest_Generation = YES;
				INFOPLIST_KEY_UIApplicationSupportsIndirectInputEvents = YES;
				INFOPLIST_KEY_UILaunchScreen_Generation = YES;
				INFOPLIST_KEY_UISupportedInterfaceOrientations_iPad = "UIInterfaceOrientationPortrait UIInterfaceOrientationPortraitUpsideDown UIInterfaceOrientationLandscapeLeft UIInterfaceOrientationLandscapeRight";
				INFOPLIST_KEY_UISupportedInterfaceOrientations_iPhone = "UIInterfaceOrientationPortrait UIInterfaceOrientationLandscapeLeft UIInterfaceOrientationLandscapeRight";
				IPHONEOS_DEPLOYMENT_TARGET = 15.0;
				LD_RUNPATH_SEARCH_PATHS = (
					"$(inherited)",
					"@executable_path/Frameworks",
				);
				MARKETING_VERSION = 1.0;
				PRODUCT_BUNDLE_IDENTIFIER = "ajs2003.hacktx-swiftui";
				PRODUCT_NAME = "$(TARGET_NAME)";
				SWIFT_EMIT_LOC_STRINGS = YES;
				SWIFT_VERSION = 5.0;
				TARGETED_DEVICE_FAMILY = "1,2";
			};
			name = Release;
		};
		17D90FC12AE4A27000652E18 /* Debug */ = {
			isa = XCBuildConfiguration;
			buildSettings = {
				ALWAYS_EMBED_SWIFT_STANDARD_LIBRARIES = YES;
				BUNDLE_LOADER = "$(TEST_HOST)";
				CODE_SIGN_STYLE = Automatic;
				CURRENT_PROJECT_VERSION = 1;
				GENERATE_INFOPLIST_FILE = YES;
				IPHONEOS_DEPLOYMENT_TARGET = 16.2;
				MARKETING_VERSION = 1.0;
				PRODUCT_BUNDLE_IDENTIFIER = "ajs2003.hacktx-swiftuiTests";
				PRODUCT_NAME = "$(TARGET_NAME)";
				SWIFT_EMIT_LOC_STRINGS = NO;
				SWIFT_VERSION = 5.0;
				TARGETED_DEVICE_FAMILY = "1,2";
				TEST_HOST = "$(BUILT_PRODUCTS_DIR)/hacktx-swiftui.app/$(BUNDLE_EXECUTABLE_FOLDER_PATH)/hacktx-swiftui";
			};
			name = Debug;
		};
		17D90FC22AE4A27000652E18 /* Release */ = {
			isa = XCBuildConfiguration;
			buildSettings = {
				ALWAYS_EMBED_SWIFT_STANDARD_LIBRARIES = YES;
				BUNDLE_LOADER = "$(TEST_HOST)";
				CODE_SIGN_STYLE = Automatic;
				CURRENT_PROJECT_VERSION = 1;
				GENERATE_INFOPLIST_FILE = YES;
				IPHONEOS_DEPLOYMENT_TARGET = 16.2;
				MARKETING_VERSION = 1.0;
				PRODUCT_BUNDLE_IDENTIFIER = "ajs2003.hacktx-swiftuiTests";
				PRODUCT_NAME = "$(TARGET_NAME)";
				SWIFT_EMIT_LOC_STRINGS = NO;
				SWIFT_VERSION = 5.0;
				TARGETED_DEVICE_FAMILY = "1,2";
				TEST_HOST = "$(BUILT_PRODUCTS_DIR)/hacktx-swiftui.app/$(BUNDLE_EXECUTABLE_FOLDER_PATH)/hacktx-swiftui";
			};
			name = Release;
		};
		17D90FC42AE4A27000652E18 /* Debug */ = {
			isa = XCBuildConfiguration;
			buildSettings = {
				ALWAYS_EMBED_SWIFT_STANDARD_LIBRARIES = YES;
				CODE_SIGN_STYLE = Automatic;
				CURRENT_PROJECT_VERSION = 1;
				GENERATE_INFOPLIST_FILE = YES;
				MARKETING_VERSION = 1.0;
				PRODUCT_BUNDLE_IDENTIFIER = "ajs2003.hacktx-swiftuiUITests";
				PRODUCT_NAME = "$(TARGET_NAME)";
				SWIFT_EMIT_LOC_STRINGS = NO;
				SWIFT_VERSION = 5.0;
				TARGETED_DEVICE_FAMILY = "1,2";
				TEST_TARGET_NAME = "hacktx-swiftui";
			};
			name = Debug;
		};
		17D90FC52AE4A27000652E18 /* Release */ = {
			isa = XCBuildConfiguration;
			buildSettings = {
				ALWAYS_EMBED_SWIFT_STANDARD_LIBRARIES = YES;
				CODE_SIGN_STYLE = Automatic;
				CURRENT_PROJECT_VERSION = 1;
				GENERATE_INFOPLIST_FILE = YES;
				MARKETING_VERSION = 1.0;
				PRODUCT_BUNDLE_IDENTIFIER = "ajs2003.hacktx-swiftuiUITests";
				PRODUCT_NAME = "$(TARGET_NAME)";
				SWIFT_EMIT_LOC_STRINGS = NO;
				SWIFT_VERSION = 5.0;
				TARGETED_DEVICE_FAMILY = "1,2";
				TEST_TARGET_NAME = "hacktx-swiftui";
			};
			name = Release;
		};
/* End XCBuildConfiguration section */

/* Begin XCConfigurationList section */
		17D90F942AE4A26F00652E18 /* Build configuration list for PBXProject "hacktx-swiftui" */ = {
			isa = XCConfigurationList;
			buildConfigurations = (
				17D90FBB2AE4A27000652E18 /* Debug */,
				17D90FBC2AE4A27000652E18 /* Release */,
			);
			defaultConfigurationIsVisible = 0;
			defaultConfigurationName = Release;
		};
		17D90FBD2AE4A27000652E18 /* Build configuration list for PBXNativeTarget "hacktx-swiftui" */ = {
			isa = XCConfigurationList;
			buildConfigurations = (
				17D90FBE2AE4A27000652E18 /* Debug */,
				17D90FBF2AE4A27000652E18 /* Release */,
			);
			defaultConfigurationIsVisible = 0;
			defaultConfigurationName = Release;
		};
		17D90FC02AE4A27000652E18 /* Build configuration list for PBXNativeTarget "hacktx-swiftuiTests" */ = {
			isa = XCConfigurationList;
			buildConfigurations = (
				17D90FC12AE4A27000652E18 /* Debug */,
				17D90FC22AE4A27000652E18 /* Release */,
			);
			defaultConfigurationIsVisible = 0;
			defaultConfigurationName = Release;
		};
		17D90FC32AE4A27000652E18 /* Build configuration list for PBXNativeTarget "hacktx-swiftuiUITests" */ = {
			isa = XCConfigurationList;
			buildConfigurations = (
				17D90FC42AE4A27000652E18 /* Debug */,
				17D90FC52AE4A27000652E18 /* Release */,
			);
			defaultConfigurationIsVisible = 0;
			defaultConfigurationName = Release;
		};
/* End XCConfigurationList section */

/* Begin XCRemoteSwiftPackageReference section */
		172338662AE4C02F00ED6C63 /* XCRemoteSwiftPackageReference "ACarousel" */ = {
			isa = XCRemoteSwiftPackageReference;
			repositoryURL = "https://github.com/JWAutumn/ACarousel";
			requirement = {
				kind = upToNextMajorVersion;
				minimumVersion = 0.2.0;
			};
		};
		17B93AD02AE4A46F009116F1 /* XCRemoteSwiftPackageReference "firebase-ios-sdk" */ = {
			isa = XCRemoteSwiftPackageReference;
			repositoryURL = "https://github.com/firebase/firebase-ios-sdk";
			requirement = {
				kind = upToNextMajorVersion;
				minimumVersion = 9.0.0;
			};
		};
/* End XCRemoteSwiftPackageReference section */

/* Begin XCSwiftPackageProductDependency section */
		172338672AE4C02F00ED6C63 /* ACarousel */ = {
			isa = XCSwiftPackageProductDependency;
			package = 172338662AE4C02F00ED6C63 /* XCRemoteSwiftPackageReference "ACarousel" */;
			productName = ACarousel;
		};
		17B93AD12AE4A46F009116F1 /* FirebaseAnalytics */ = {
			isa = XCSwiftPackageProductDependency;
			package = 17B93AD02AE4A46F009116F1 /* XCRemoteSwiftPackageReference "firebase-ios-sdk" */;
			productName = FirebaseAnalytics;
		};
		17B93AD32AE4A46F009116F1 /* FirebaseAuth */ = {
			isa = XCSwiftPackageProductDependency;
			package = 17B93AD02AE4A46F009116F1 /* XCRemoteSwiftPackageReference "firebase-ios-sdk" */;
			productName = FirebaseAuth;
		};
		17B93AD52AE4A46F009116F1 /* FirebaseFirestore */ = {
			isa = XCSwiftPackageProductDependency;
			package = 17B93AD02AE4A46F009116F1 /* XCRemoteSwiftPackageReference "firebase-ios-sdk" */;
			productName = FirebaseFirestore;
		};
/* End XCSwiftPackageProductDependency section */
	};
	rootObject = 17D90F912AE4A26F00652E18 /* Project object */;
}
